speakeasyVersion: 1.628.3
sources:
    petstore-oas:
        sourceNamespace: petstore-oas
        sourceRevisionDigest: sha256:59d6d036c22d7346ef0c4d5049e217a77b3fefc32fc6bda0934a967420e693ad
        sourceBlobDigest: sha256:068d3657fa513adc87389664bacac37deb7057278fb5e613a6ec654811ba56c0
        tags:
            - latest
            - 1.0.0
targets:
    petstore:
        source: petstore-oas
        sourceNamespace: petstore-oas
        sourceRevisionDigest: sha256:59d6d036c22d7346ef0c4d5049e217a77b3fefc32fc6bda0934a967420e693ad
        sourceBlobDigest: sha256:068d3657fa513adc87389664bacac37deb7057278fb5e613a6ec654811ba56c0
workflow:
    workflowVersion: 1.0.0
    speakeasyVersion: latest
    sources:
        petstore-oas:
            inputs:
                - location: openapi.yaml
            output: .speakeasy/out.openapi.yaml
            registry:
                location: registry.speakeasyapi.dev/gdmtesting/petstore/petstore-oas
    targets:
        petstore:
            target: csharp
            source: petstore-oas
            publish:
                nuget:
                    apiKey: $nuget_api_key
            codeSamples:
                registry:
                    location: registry.speakeasyapi.dev/gdmtesting/petstore/petstore-oas-csharp-code-samples
                labelOverride:
                    fixedValue: Csharp (SDK)
                blocking: false
